// !$*UTF8*$!
{
	archiveVersion = 1;
	classes = {
	};
	objectVersion = 46;
	objects = {

/* Begin PBXBuildFile section */
		B609A3A3425B2BBBEA32DA75 /* Pods_chat.framework in Frameworks */ = {isa = PBXBuildFile; fileRef = 8EA6BE8FF157916B828D1F69 /* Pods_chat.framework */; };
		BAD28F761C05E80000FA8335 /* AppDelegate.swift in Sources */ = {isa = PBXBuildFile; fileRef = BAD28F751C05E80000FA8335 /* AppDelegate.swift */; };
		BAD28F781C05E80000FA8335 /* ViewController.swift in Sources */ = {isa = PBXBuildFile; fileRef = BAD28F771C05E80000FA8335 /* ViewController.swift */; };
		BAD28F7B1C05E80000FA8335 /* Main.storyboard in Resources */ = {isa = PBXBuildFile; fileRef = BAD28F791C05E80000FA8335 /* Main.storyboard */; };
		BAD28F7D1C05E80000FA8335 /* Assets.xcassets in Resources */ = {isa = PBXBuildFile; fileRef = BAD28F7C1C05E80000FA8335 /* Assets.xcassets */; };
		BAD28F801C05E80000FA8335 /* LaunchScreen.storyboard in Resources */ = {isa = PBXBuildFile; fileRef = BAD28F7E1C05E80000FA8335 /* LaunchScreen.storyboard */; };
		BAD28F881C05F0F200FA8335 /* ChatViewController.swift in Sources */ = {isa = PBXBuildFile; fileRef = BAD28F871C05F0F200FA8335 /* ChatViewController.swift */; settings = {ASSET_TAGS = (); }; };
		BAD28F8A1C05F1A700FA8335 /* Message.swift in Sources */ = {isa = PBXBuildFile; fileRef = BAD28F891C05F1A700FA8335 /* Message.swift */; settings = {ASSET_TAGS = (); }; };
/* End PBXBuildFile section */

/* Begin PBXFileReference section */
		116EF3C85D98797098A63E57 /* Pods-chat.debug.xcconfig */ = {isa = PBXFileReference; includeInIndex = 1; lastKnownFileType = text.xcconfig; name = "Pods-chat.debug.xcconfig"; path = "Pods/Target Support Files/Pods-chat/Pods-chat.debug.xcconfig"; sourceTree = "<group>"; };
		5A6F59C72B9100146936A70C /* Pods-chat.release.xcconfig */ = {isa = PBXFileReference; includeInIndex = 1; lastKnownFileType = text.xcconfig; name = "Pods-chat.release.xcconfig"; path = "Pods/Target Support Files/Pods-chat/Pods-chat.release.xcconfig"; sourceTree = "<group>"; };
		8EA6BE8FF157916B828D1F69 /* Pods_chat.framework */ = {isa = PBXFileReference; explicitFileType = wrapper.framework; includeInIndex = 0; path = Pods_chat.framework; sourceTree = BUILT_PRODUCTS_DIR; };
		BAD28F721C05E80000FA8335 /* chat.app */ = {isa = PBXFileReference; explicitFileType = wrapper.application; includeInIndex = 0; path = chat.app; sourceTree = BUILT_PRODUCTS_DIR; };
		BAD28F751C05E80000FA8335 /* AppDelegate.swift */ = {isa = PBXFileReference; lastKnownFileType = sourcecode.swift; path = AppDelegate.swift; sourceTree = "<group>"; };
		BAD28F771C05E80000FA8335 /* ViewController.swift */ = {isa = PBXFileReference; lastKnownFileType = sourcecode.swift; path = ViewController.swift; sourceTree = "<group>"; };
		BAD28F7A1C05E80000FA8335 /* Base */ = {isa = PBXFileReference; lastKnownFileType = file.storyboard; name = Base; path = Base.lproj/Main.storyboard; sourceTree = "<group>"; };
		BAD28F7C1C05E80000FA8335 /* Assets.xcassets */ = {isa = PBXFileReference; lastKnownFileType = folder.assetcatalog; path = Assets.xcassets; sourceTree = "<group>"; };
		BAD28F7F1C05E80000FA8335 /* Base */ = {isa = PBXFileReference; lastKnownFileType = file.storyboard; name = Base; path = Base.lproj/LaunchScreen.storyboard; sourceTree = "<group>"; };
		BAD28F811C05E80000FA8335 /* Info.plist */ = {isa = PBXFileReference; lastKnownFileType = text.plist.xml; path = Info.plist; sourceTree = "<group>"; };
		BAD28F871C05F0F200FA8335 /* ChatViewController.swift */ = {isa = PBXFileReference; fileEncoding = 4; lastKnownFileType = sourcecode.swift; path = ChatViewController.swift; sourceTree = "<group>"; };
		BAD28F891C05F1A700FA8335 /* Message.swift */ = {isa = PBXFileReference; fileEncoding = 4; lastKnownFileType = sourcecode.swift; path = Message.swift; sourceTree = "<group>"; };
/* End PBXFileReference section */

/* Begin PBXFrameworksBuildPhase section */
		BAD28F6F1C05E80000FA8335 /* Frameworks */ = {
			isa = PBXFrameworksBuildPhase;
			buildActionMask = 2147483647;
			files = (
				B609A3A3425B2BBBEA32DA75 /* Pods_chat.framework in Frameworks */,
			);
			runOnlyForDeploymentPostprocessing = 0;
		};
/* End PBXFrameworksBuildPhase section */

/* Begin PBXGroup section */
		A266B710CA10040D90FD8342 /* Frameworks */ = {
			isa = PBXGroup;
			children = (
				8EA6BE8FF157916B828D1F69 /* Pods_chat.framework */,
			);
			name = Frameworks;
			sourceTree = "<group>";
		};
		A86F2A0DF1EE979864CABC7F /* Pods */ = {
			isa = PBXGroup;
			children = (
				116EF3C85D98797098A63E57 /* Pods-chat.debug.xcconfig */,
				5A6F59C72B9100146936A70C /* Pods-chat.release.xcconfig */,
			);
			name = Pods;
			sourceTree = "<group>";
		};
		BAD28F691C05E80000FA8335 = {
			isa = PBXGroup;
			children = (
				BAD28F741C05E80000FA8335 /* chat */,
				BAD28F731C05E80000FA8335 /* Products */,
				A86F2A0DF1EE979864CABC7F /* Pods */,
				A266B710CA10040D90FD8342 /* Frameworks */,
			);
			sourceTree = "<group>";
		};
		BAD28F731C05E80000FA8335 /* Products */ = {
			isa = PBXGroup;
			children = (
				BAD28F721C05E80000FA8335 /* chat.app */,
			);
			name = Products;
			sourceTree = "<group>";
		};
		BAD28F741C05E80000FA8335 /* chat */ = {
			isa = PBXGroup;
			children = (
				BAD28F751C05E80000FA8335 /* AppDelegate.swift */,
				BAD28F771C05E80000FA8335 /* ViewController.swift */,
				BAD28F791C05E80000FA8335 /* Main.storyboard */,
				BAD28F7C1C05E80000FA8335 /* Assets.xcassets */,
				BAD28F7E1C05E80000FA8335 /* LaunchScreen.storyboard */,
				BAD28F811C05E80000FA8335 /* Info.plist */,
				BAD28F871C05F0F200FA8335 /* ChatViewController.swift */,
				BAD28F891C05F1A700FA8335 /* Message.swift */,
			);
			path = chat;
			sourceTree = "<group>";
		};
/* End PBXGroup section */

/* Begin PBXNativeTarget section */
		BAD28F711C05E80000FA8335 /* chat */ = {
			isa = PBXNativeTarget;
			buildConfigurationList = BAD28F841C05E80000FA8335 /* Build configuration list for PBXNativeTarget "chat" */;
			buildPhases = (
				89A3191D4E487123C22665CE /* Check Pods Manifest.lock */,
				BAD28F6E1C05E80000FA8335 /* Sources */,
				BAD28F6F1C05E80000FA8335 /* Frameworks */,
				BAD28F701C05E80000FA8335 /* Resources */,
				3A3FFAD020ED66881901C4EA /* Embed Pods Frameworks */,
				84D681F4923ED3B6A0CA4ACF /* Copy Pods Resources */,
			);
			buildRules = (
			);
			dependencies = (
			);
			name = chat;
			productName = chat;
			productReference = BAD28F721C05E80000FA8335 /* chat.app */;
			productType = "com.apple.product-type.application";
		};
/* End PBXNativeTarget section */

/* Begin PBXProject section */
		BAD28F6A1C05E80000FA8335 /* Project object */ = {
			isa = PBXProject;
			attributes = {
				LastUpgradeCheck = 0700;
				ORGANIZATIONNAME = "Dinh Thi Minh";
				TargetAttributes = {
					BAD28F711C05E80000FA8335 = {
						CreatedOnToolsVersion = 7.0.1;
					};
				};
			};
			buildConfigurationList = BAD28F6D1C05E80000FA8335 /* Build configuration list for PBXProject "chat" */;
			compatibilityVersion = "Xcode 3.2";
			developmentRegion = English;
			hasScannedForEncodings = 0;
			knownRegions = (
				en,
				Base,
			);
			mainGroup = BAD28F691C05E80000FA8335;
			productRefGroup = BAD28F731C05E80000FA8335 /* Products */;
			projectDirPath = "";
			projectRoot = "";
			targets = (
				BAD28F711C05E80000FA8335 /* chat */,
			);
		};
/* End PBXProject section */

/* Begin PBXResourcesBuildPhase section */
		BAD28F701C05E80000FA8335 /* Resources */ = {
			isa = PBXResourcesBuildPhase;
			buildActionMask = 2147483647;
			files = (
				BAD28F801C05E80000FA8335 /* LaunchScreen.storyboard in Resources */,
				BAD28F7D1C05E80000FA8335 /* Assets.xcassets in Resources */,
				BAD28F7B1C05E80000FA8335 /* Main.storyboard in Resources */,
			);
			runOnlyForDeploymentPostprocessing = 0;
		};
/* End PBXResourcesBuildPhase section */

/* Begin PBXShellScriptBuildPhase section */
		3A3FFAD020ED66881901C4EA /* Embed Pods Frameworks */ = {
			isa = PBXShellScriptBuildPhase;
			buildActionMask = 2147483647;
			files = (
			);
			inputPaths = (
			);
			name = "Embed Pods Frameworks";
			outputPaths = (
			);
			runOnlyForDeploymentPostprocessing = 0;
			shellPath = /bin/sh;
			shellScript = "\"${SRCROOT}/Pods/Target Support Files/Pods-chat/Pods-chat-frameworks.sh\"\n";
			showEnvVarsInLog = 0;
		};
		84D681F4923ED3B6A0CA4ACF /* Copy Pods Resources */ = {
			isa = PBXShellScriptBuildPhase;
			buildActionMask = 2147483647;
			files = (
			);
			inputPaths = (
			);
			name = "Copy Pods Resources";
			outputPaths = (
			);
			runOnlyForDeploymentPostprocessing = 0;
			shellPath = /bin/sh;
			shellScript = "\"${SRCROOT}/Pods/Target Support Files/Pods-chat/Pods-chat-resources.sh\"\n";
			showEnvVarsInLog = 0;
		};
		89A3191D4E487123C22665CE /* Check Pods Manifest.lock */ = {
			isa = PBXShellScriptBuildPhase;
			buildActionMask = 2147483647;
			files = (
			);
			inputPaths = (
			);
			name = "Check Pods Manifest.lock";
			outputPaths = (
			);
			runOnlyForDeploymentPostprocessing = 0;
			shellPath = /bin/sh;
			shellScript = "diff \"${PODS_ROOT}/../Podfile.lock\" \"${PODS_ROOT}/Manifest.lock\" > /dev/null\nif [[ $? != 0 ]] ; then\n    cat << EOM\nerror: The sandbox is not in sync with the Podfile.lock. Run 'pod install' or update your CocoaPods installation.\nEOM\n    exit 1\nfi\n";
			showEnvVarsInLog = 0;
		};
/* End PBXShellScriptBuildPhase section */

/* Begin PBXSourcesBuildPhase section */
		BAD28F6E1C05E80000FA8335 /* Sources */ = {
			isa = PBXSourcesBuildPhase;
			buildActionMask = 2147483647;
			files = (
				BAD28F781C05E80000FA8335 /* ViewController.swift in Sources */,
				BAD28F8A1C05F1A700FA8335 /* Message.swift in Sources */,
				BAD28F881C05F0F200FA8335 /* ChatViewController.swift in Sources */,
				BAD28F761C05E80000FA8335 /* AppDelegate.swift in Sources */,
			);
			runOnlyForDeploymentPostprocessing = 0;
		};
/* End PBXSourcesBuildPhase section */

/* Begin PBXVariantGroup section */
		BAD28F791C05E80000FA8335 /* Main.storyboard */ = {
			isa = PBXVariantGroup;
			children = (
				BAD28F7A1C05E80000FA8335 /* Base */,
			);
			name = Main.storyboard;
			sourceTree = "<group>";
		};
		BAD28F7E1C05E80000FA8335 /* LaunchScreen.storyboard */ = {
			isa = PBXVariantGroup;
			children = (
				BAD28F7F1C05E80000FA8335 /* Base */,
			);
			name = LaunchScreen.storyboard;
			sourceTree = "<group>";
		};
/* End PBXVariantGroup section */

/* Begin XCBuildConfiguration section */
		BAD28F821C05E80000FA8335 /* Debug */ = {
			isa = XCBuildConfiguration;
			buildSettings = {
				ALWAYS_SEARCH_USER_PATHS = NO;
				CLANG_CXX_LANGUAGE_STANDARD = "gnu++0x";
				CLANG_CXX_LIBRARY = "libc++";
				CLANG_ENABLE_MODULES = YES;
				CLANG_ENABLE_OBJC_ARC = YES;
				CLANG_WARN_BOOL_CONVERSION = YES;
				CLANG_WARN_CONSTANT_CONVERSION = YES;
				CLANG_WARN_DIRECT_OBJC_ISA_USAGE = YES_ERROR;
				CLANG_WARN_EMPTY_BODY = YES;
				CLANG_WARN_ENUM_CONVERSION = YES;
				CLANG_WARN_INT_CONVERSION = YES;
				CLANG_WARN_OBJC_ROOT_CLASS = YES_ERROR;
				CLANG_WARN_UNREACHABLE_CODE = YES;
				CLANG_WARN__DUPLICATE_METHOD_MATCH = YES;
				"CODE_SIGN_IDENTITY[sdk=iphoneos*]" = "iPhone Developer";
				COPY_PHASE_STRIP = NO;
				DEBUG_INFORMATION_FORMAT = dwarf;
				ENABLE_STRICT_OBJC_MSGSEND = YES;
				ENABLE_TESTABILITY = YES;
				GCC_C_LANGUAGE_STANDARD = gnu99;
				GCC_DYNAMIC_NO_PIC = NO;
				GCC_NO_COMMON_BLOCKS = YES;
				GCC_OPTIMIZATION_LEVEL = 0;
				GCC_PREPROCESSOR_DEFINITIONS = (
					"DEBUG=1",
					"$(inherited)",
				);
				GCC_WARN_64_TO_32_BIT_CONVERSION = YES;
				GCC_WARN_ABOUT_RETURN_TYPE = YES_ERROR;
				GCC_WARN_UNDECLARED_SELECTOR = YES;
				GCC_WARN_UNINITIALIZED_AUTOS = YES_AGGRESSIVE;
				GCC_WARN_UNUSED_FUNCTION = YES;
				GCC_WARN_UNUSED_VARIABLE = YES;
				IPHONEOS_DEPLOYMENT_TARGET = 9.0;
				MTL_ENABLE_DEBUG_INFO = YES;
				ONLY_ACTIVE_ARCH = YES;
				SDKROOT = iphoneos;
				SWIFT_OPTIMIZATION_LEVEL = "-Onone";
			};
			name = Debug;
		};
		BAD28F831C05E80000FA8335 /* Release */ = {
			isa = XCBuildConfiguration;
			buildSettings = {
				ALWAYS_SEARCH_USER_PATHS = NO;
				CLANG_CXX_LANGUAGE_STANDARD = "gnu++0x";
				CLANG_CXX_LIBRARY = "libc++";
				CLANG_ENABLE_MODULES = YES;
				CLANG_ENABLE_OBJC_ARC = YES;
				CLANG_WARN_BOOL_CONVERSION = YES;
				CLANG_WARN_CONSTANT_CONVERSION = YES;
				CLANG_WARN_DIRECT_OBJC_ISA_USAGE = YES_ERROR;
				CLANG_WARN_EMPTY_BODY = YES;
				CLANG_WARN_ENUM_CONVERSION = YES;
				CLANG_WARN_INT_CONVERSION = YES;
				CLANG_WARN_OBJC_ROOT_CLASS = YES_ERROR;
				CLANG_WARN_UNREACHABLE_CODE = YES;
				CLANG_WARN__DUPLICATE_METHOD_MATCH = YES;
				"CODE_SIGN_IDENTITY[sdk=iphoneos*]" = "iPhone Developer";
				COPY_PHASE_STRIP = NO;
				DEBUG_INFORMATION_FORMAT = "dwarf-with-dsym";
				ENABLE_NS_ASSERTIONS = NO;
				ENABLE_STRICT_OBJC_MSGSEND = YES;
				GCC_C_LANGUAGE_STANDARD = gnu99;
				GCC_NO_COMMON_BLOCKS = YES;
				GCC_WARN_64_TO_32_BIT_CONVERSION = YES;
				GCC_WARN_ABOUT_RETURN_TYPE = YES_ERROR;
				GCC_WARN_UNDECLARED_SELECTOR = YES;
				GCC_WARN_UNINITIALIZED_AUTOS = YES_AGGRESSIVE;
				GCC_WARN_UNUSED_FUNCTION = YES;
				GCC_WARN_UNUSED_VARIABLE = YES;
				IPHONEOS_DEPLOYMENT_TARGET = 9.0;
				MTL_ENABLE_DEBUG_INFO = NO;
				SDKROOT = iphoneos;
				VALIDATE_PRODUCT = YES;
			};
			name = Release;
		};
		BAD28F851C05E80000FA8335 /* Debug */ = {
			isa = XCBuildConfiguration;
			baseConfigurationReference = 116EF3C85D98797098A63E57 /* Pods-chat.debug.xcconfig */;
			buildSettings = {
				ASSETCATALOG_COMPILER_APPICON_NAME = AppIcon;
				INFOPLIST_FILE = chat/Info.plist;
				LD_RUNPATH_SEARCH_PATHS = "$(inherited) @executable_path/Frameworks";
				PRODUCT_BUNDLE_IDENTIFIER = com.codepath.chat;
				PRODUCT_NAME = "$(TARGET_NAME)";
			};
			name = Debug;
		};
		BAD28F861C05E80000FA8335 /* Release */ = {
			isa = XCBuildConfiguration;
			baseConfigurationReference = 5A6F59C72B9100146936A70C /* Pods-chat.release.xcconfig */;
			buildSettings = {
				ASSETCATALOG_COMPILER_APPICON_NAME = AppIcon;
				INFOPLIST_FILE = chat/Info.plist;
				LD_RUNPATH_SEARCH_PATHS = "$(inherited) @executable_path/Frameworks";
				PRODUCT_BUNDLE_IDENTIFIER = com.codepath.chat;
				PRODUCT_NAME = "$(TARGET_NAME)";
			};
			name = Release;
		};
/* End XCBuildConfiguration section */

/* Begin XCConfigurationList section */
		BAD28F6D1C05E80000FA8335 /* Build configuration list for PBXProject "chat" */ = {
			isa = XCConfigurationList;
			buildConfigurations = (
				BAD28F821C05E80000FA8335 /* Debug */,
				BAD28F831C05E80000FA8335 /* Release */,
			);
			defaultConfigurationIsVisible = 0;
			defaultConfigurationName = Release;
		};
		BAD28F841C05E80000FA8335 /* Build configuration list for PBXNativeTarget "chat" */ = {
			isa = XCConfigurationList;
			buildConfigurations = (
				BAD28F851C05E80000FA8335 /* Debug */,
				BAD28F861C05E80000FA8335 /* Release */,
			);
			defaultConfigurationIsVisible = 0;
			defaultConfigurationName = Release;
		};
/* End XCConfigurationList section */
	};
	rootObject = BAD28F6A1C05E80000FA8335 /* Project object */;
}
